// !$*UTF8*$!
{
	archiveVersion = 1;
	classes = {
	};
	objectVersion = 46;
	objects = {

/* Begin PBXBuildFile section */
		9263FCBE1DC6748F00AC8591 /* AppDelegate.swift in Sources */ = {isa = PBXBuildFile; fileRef = 9263FCBD1DC6748F00AC8591 /* AppDelegate.swift */; };
		9263FCC01DC6748F00AC8591 /* ViewController.swift in Sources */ = {isa = PBXBuildFile; fileRef = 9263FCBF1DC6748F00AC8591 /* ViewController.swift */; };
		9263FCC31DC6748F00AC8591 /* Main.storyboard in Resources */ = {isa = PBXBuildFile; fileRef = 9263FCC11DC6748F00AC8591 /* Main.storyboard */; };
		9263FCC51DC6748F00AC8591 /* Assets.xcassets in Resources */ = {isa = PBXBuildFile; fileRef = 9263FCC41DC6748F00AC8591 /* Assets.xcassets */; };
		9263FCC81DC6748F00AC8591 /* LaunchScreen.storyboard in Resources */ = {isa = PBXBuildFile; fileRef = 9263FCC61DC6748F00AC8591 /* LaunchScreen.storyboard */; };
		9263FCD31DC6748F00AC8591 /* UIScrollViewAutolayoutTests.swift in Sources */ = {isa = PBXBuildFile; fileRef = 9263FCD21DC6748F00AC8591 /* UIScrollViewAutolayoutTests.swift */; };
		9263FCDE1DC6748F00AC8591 /* UIScrollViewAutolayoutUITests.swift in Sources */ = {isa = PBXBuildFile; fileRef = 9263FCDD1DC6748F00AC8591 /* UIScrollViewAutolayoutUITests.swift */; };
		9263FCEC1DC674E000AC8591 /* ContentController.swift in Sources */ = {isa = PBXBuildFile; fileRef = 9263FCEB1DC674E000AC8591 /* ContentController.swift */; };
/* End PBXBuildFile section */

/* Begin PBXContainerItemProxy section */
		9263FCCF1DC6748F00AC8591 /* PBXContainerItemProxy */ = {
			isa = PBXContainerItemProxy;
			containerPortal = 9263FCB21DC6748F00AC8591 /* Project object */;
			proxyType = 1;
			remoteGlobalIDString = 9263FCB91DC6748F00AC8591;
			remoteInfo = UIScrollViewAutolayout;
		};
		9263FCDA1DC6748F00AC8591 /* PBXContainerItemProxy */ = {
			isa = PBXContainerItemProxy;
			containerPortal = 9263FCB21DC6748F00AC8591 /* Project object */;
			proxyType = 1;
			remoteGlobalIDString = 9263FCB91DC6748F00AC8591;
			remoteInfo = UIScrollViewAutolayout;
		};
/* End PBXContainerItemProxy section */

/* Begin PBXFileReference section */
		9263FCBA1DC6748F00AC8591 /* UIScrollViewAutolayout.app */ = {isa = PBXFileReference; explicitFileType = wrapper.application; includeInIndex = 0; path = UIScrollViewAutolayout.app; sourceTree = BUILT_PRODUCTS_DIR; };
		9263FCBD1DC6748F00AC8591 /* AppDelegate.swift */ = {isa = PBXFileReference; lastKnownFileType = sourcecode.swift; path = AppDelegate.swift; sourceTree = "<group>"; };
		9263FCBF1DC6748F00AC8591 /* ViewController.swift */ = {isa = PBXFileReference; lastKnownFileType = sourcecode.swift; path = ViewController.swift; sourceTree = "<group>"; };
		9263FCC21DC6748F00AC8591 /* Base */ = {isa = PBXFileReference; lastKnownFileType = file.storyboard; name = Base; path = Base.lproj/Main.storyboard; sourceTree = "<group>"; };
		9263FCC41DC6748F00AC8591 /* Assets.xcassets */ = {isa = PBXFileReference; lastKnownFileType = folder.assetcatalog; path = Assets.xcassets; sourceTree = "<group>"; };
		9263FCC71DC6748F00AC8591 /* Base */ = {isa = PBXFileReference; lastKnownFileType = file.storyboard; name = Base; path = Base.lproj/LaunchScreen.storyboard; sourceTree = "<group>"; };
		9263FCC91DC6748F00AC8591 /* Info.plist */ = {isa = PBXFileReference; lastKnownFileType = text.plist.xml; path = Info.plist; sourceTree = "<group>"; };
		9263FCCE1DC6748F00AC8591 /* UIScrollViewAutolayoutTests.xctest */ = {isa = PBXFileReference; explicitFileType = wrapper.cfbundle; includeInIndex = 0; path = UIScrollViewAutolayoutTests.xctest; sourceTree = BUILT_PRODUCTS_DIR; };
		9263FCD21DC6748F00AC8591 /* UIScrollViewAutolayoutTests.swift */ = {isa = PBXFileReference; lastKnownFileType = sourcecode.swift; path = UIScrollViewAutolayoutTests.swift; sourceTree = "<group>"; };
		9263FCD41DC6748F00AC8591 /* Info.plist */ = {isa = PBXFileReference; lastKnownFileType = text.plist.xml; path = Info.plist; sourceTree = "<group>"; };
		9263FCD91DC6748F00AC8591 /* UIScrollViewAutolayoutUITests.xctest */ = {isa = PBXFileReference; explicitFileType = wrapper.cfbundle; includeInIndex = 0; path = UIScrollViewAutolayoutUITests.xctest; sourceTree = BUILT_PRODUCTS_DIR; };
		9263FCDD1DC6748F00AC8591 /* UIScrollViewAutolayoutUITests.swift */ = {isa = PBXFileReference; lastKnownFileType = sourcecode.swift; path = UIScrollViewAutolayoutUITests.swift; sourceTree = "<group>"; };
		9263FCDF1DC6749000AC8591 /* Info.plist */ = {isa = PBXFileReference; lastKnownFileType = text.plist.xml; path = Info.plist; sourceTree = "<group>"; };
		9263FCEB1DC674E000AC8591 /* ContentController.swift */ = {isa = PBXFileReference; fileEncoding = 4; lastKnownFileType = sourcecode.swift; path = ContentController.swift; sourceTree = "<group>"; };
/* End PBXFileReference section */

/* Begin PBXFrameworksBuildPhase section */
		9263FCB71DC6748F00AC8591 /* Frameworks */ = {
			isa = PBXFrameworksBuildPhase;
			buildActionMask = 2147483647;
			files = (
			);
			runOnlyForDeploymentPostprocessing = 0;
		};
		9263FCCB1DC6748F00AC8591 /* Frameworks */ = {
			isa = PBXFrameworksBuildPhase;
			buildActionMask = 2147483647;
			files = (
			);
			runOnlyForDeploymentPostprocessing = 0;
		};
		9263FCD61DC6748F00AC8591 /* Frameworks */ = {
			isa = PBXFrameworksBuildPhase;
			buildActionMask = 2147483647;
			files = (
			);
			runOnlyForDeploymentPostprocessing = 0;
		};
/* End PBXFrameworksBuildPhase section */

/* Begin PBXGroup section */
		9263FCB11DC6748F00AC8591 = {
			isa = PBXGroup;
			children = (
				9263FCBC1DC6748F00AC8591 /* UIScrollViewAutolayout */,
				9263FCD11DC6748F00AC8591 /* UIScrollViewAutolayoutTests */,
				9263FCDC1DC6748F00AC8591 /* UIScrollViewAutolayoutUITests */,
				9263FCBB1DC6748F00AC8591 /* Products */,
			);
			sourceTree = "<group>";
		};
		9263FCBB1DC6748F00AC8591 /* Products */ = {
			isa = PBXGroup;
			children = (
				9263FCBA1DC6748F00AC8591 /* UIScrollViewAutolayout.app */,
				9263FCCE1DC6748F00AC8591 /* UIScrollViewAutolayoutTests.xctest */,
				9263FCD91DC6748F00AC8591 /* UIScrollViewAutolayoutUITests.xctest */,
			);
			name = Products;
			sourceTree = "<group>";
		};
		9263FCBC1DC6748F00AC8591 /* UIScrollViewAutolayout */ = {
			isa = PBXGroup;
			children = (
				9263FCBD1DC6748F00AC8591 /* AppDelegate.swift */,
				9263FCBF1DC6748F00AC8591 /* ViewController.swift */,
				9263FCC11DC6748F00AC8591 /* Main.storyboard */,
				9263FCC41DC6748F00AC8591 /* Assets.xcassets */,
				9263FCC61DC6748F00AC8591 /* LaunchScreen.storyboard */,
				9263FCC91DC6748F00AC8591 /* Info.plist */,
				9263FCEB1DC674E000AC8591 /* ContentController.swift */,
			);
			path = UIScrollViewAutolayout;
			sourceTree = "<group>";
		};
		9263FCD11DC6748F00AC8591 /* UIScrollViewAutolayoutTests */ = {
			isa = PBXGroup;
			children = (
				9263FCD21DC6748F00AC8591 /* UIScrollViewAutolayoutTests.swift */,
				9263FCD41DC6748F00AC8591 /* Info.plist */,
			);
			path = UIScrollViewAutolayoutTests;
			sourceTree = "<group>";
		};
		9263FCDC1DC6748F00AC8591 /* UIScrollViewAutolayoutUITests */ = {
			isa = PBXGroup;
			children = (
				9263FCDD1DC6748F00AC8591 /* UIScrollViewAutolayoutUITests.swift */,
				9263FCDF1DC6749000AC8591 /* Info.plist */,
			);
			path = UIScrollViewAutolayoutUITests;
			sourceTree = "<group>";
		};
/* End PBXGroup section */

/* Begin PBXNativeTarget section */
		9263FCB91DC6748F00AC8591 /* UIScrollViewAutolayout */ = {
			isa = PBXNativeTarget;
			buildConfigurationList = 9263FCE21DC6749000AC8591 /* Build configuration list for PBXNativeTarget "UIScrollViewAutolayout" */;
			buildPhases = (
				9263FCB61DC6748F00AC8591 /* Sources */,
				9263FCB71DC6748F00AC8591 /* Frameworks */,
				9263FCB81DC6748F00AC8591 /* Resources */,
			);
			buildRules = (
			);
			dependencies = (
			);
			name = UIScrollViewAutolayout;
			productName = UIScrollViewAutolayout;
			productReference = 9263FCBA1DC6748F00AC8591 /* UIScrollViewAutolayout.app */;
			productType = "com.apple.product-type.application";
		};
		9263FCCD1DC6748F00AC8591 /* UIScrollViewAutolayoutTests */ = {
			isa = PBXNativeTarget;
			buildConfigurationList = 9263FCE51DC6749000AC8591 /* Build configuration list for PBXNativeTarget "UIScrollViewAutolayoutTests" */;
			buildPhases = (
				9263FCCA1DC6748F00AC8591 /* Sources */,
				9263FCCB1DC6748F00AC8591 /* Frameworks */,
				9263FCCC1DC6748F00AC8591 /* Resources */,
			);
			buildRules = (
			);
			dependencies = (
				9263FCD01DC6748F00AC8591 /* PBXTargetDependency */,
			);
			name = UIScrollViewAutolayoutTests;
			productName = UIScrollViewAutolayoutTests;
			productReference = 9263FCCE1DC6748F00AC8591 /* UIScrollViewAutolayoutTests.xctest */;
			productType = "com.apple.product-type.bundle.unit-test";
		};
		9263FCD81DC6748F00AC8591 /* UIScrollViewAutolayoutUITests */ = {
			isa = PBXNativeTarget;
			buildConfigurationList = 9263FCE81DC6749000AC8591 /* Build configuration list for PBXNativeTarget "UIScrollViewAutolayoutUITests" */;
			buildPhases = (
				9263FCD51DC6748F00AC8591 /* Sources */,
				9263FCD61DC6748F00AC8591 /* Frameworks */,
				9263FCD71DC6748F00AC8591 /* Resources */,
			);
			buildRules = (
			);
			dependencies = (
				9263FCDB1DC6748F00AC8591 /* PBXTargetDependency */,
			);
			name = UIScrollViewAutolayoutUITests;
			productName = UIScrollViewAutolayoutUITests;
			productReference = 9263FCD91DC6748F00AC8591 /* UIScrollViewAutolayoutUITests.xctest */;
			productType = "com.apple.product-type.bundle.ui-testing";
		};
/* End PBXNativeTarget section */

/* Begin PBXProject section */
		9263FCB21DC6748F00AC8591 /* Project object */ = {
			isa = PBXProject;
			attributes = {
				LastSwiftUpdateCheck = 0810;
				LastUpgradeCheck = 0810;
				ORGANIZATIONNAME = Fantageek;
				TargetAttributes = {
					9263FCB91DC6748F00AC8591 = {
						CreatedOnToolsVersion = 8.1;
						ProvisioningStyle = Automatic;
					};
					9263FCCD1DC6748F00AC8591 = {
						CreatedOnToolsVersion = 8.1;
						ProvisioningStyle = Automatic;
						TestTargetID = 9263FCB91DC6748F00AC8591;
					};
					9263FCD81DC6748F00AC8591 = {
						CreatedOnToolsVersion = 8.1;
						ProvisioningStyle = Automatic;
						TestTargetID = 9263FCB91DC6748F00AC8591;
					};
				};
			};
			buildConfigurationList = 9263FCB51DC6748F00AC8591 /* Build configuration list for PBXProject "UIScrollViewAutolayout" */;
			compatibilityVersion = "Xcode 3.2";
			developmentRegion = English;
			hasScannedForEncodings = 0;
			knownRegions = (
				en,
				Base,
			);
			mainGroup = 9263FCB11DC6748F00AC8591;
			productRefGroup = 9263FCBB1DC6748F00AC8591 /* Products */;
			projectDirPath = "";
			projectRoot = "";
			targets = (
				9263FCB91DC6748F00AC8591 /* UIScrollViewAutolayout */,
				9263FCCD1DC6748F00AC8591 /* UIScrollViewAutolayoutTests */,
				9263FCD81DC6748F00AC8591 /* UIScrollViewAutolayoutUITests */,
			);
		};
/* End PBXProject section */

/* Begin PBXResourcesBuildPhase section */
		9263FCB81DC6748F00AC8591 /* Resources */ = {
			isa = PBXResourcesBuildPhase;
			buildActionMask = 2147483647;
			files = (
				9263FCC81DC6748F00AC8591 /* LaunchScreen.storyboard in Resources */,
				9263FCC51DC6748F00AC8591 /* Assets.xcassets in Resources */,
				9263FCC31DC6748F00AC8591 /* Main.storyboard in Resources */,
			);
			runOnlyForDeploymentPostprocessing = 0;
		};
		9263FCCC1DC6748F00AC8591 /* Resources */ = {
			isa = PBXResourcesBuildPhase;
			buildActionMask = 2147483647;
			files = (
			);
			runOnlyForDeploymentPostprocessing = 0;
		};
		9263FCD71DC6748F00AC8591 /* Resources */ = {
			isa = PBXResourcesBuildPhase;
			buildActionMask = 2147483647;
			files = (
			);
			runOnlyForDeploymentPostprocessing = 0;
		};
/* End PBXResourcesBuildPhase section */

/* Begin PBXSourcesBuildPhase section */
		9263FCB61DC6748F00AC8591 /* Sources */ = {
			isa = PBXSourcesBuildPhase;
			buildActionMask = 2147483647;
			files = (
				9263FCC01DC6748F00AC8591 /* ViewController.swift in Sources */,
				9263FCEC1DC674E000AC8591 /* ContentController.swift in Sources */,
				9263FCBE1DC6748F00AC8591 /* AppDelegate.swift in Sources */,
			);
			runOnlyForDeploymentPostprocessing = 0;
		};
		9263FCCA1DC6748F00AC8591 /* Sources */ = {
			isa = PBXSourcesBuildPhase;
			buildActionMask = 2147483647;
			files = (
				9263FCD31DC6748F00AC8591 /* UIScrollViewAutolayoutTests.swift in Sources */,
			);
			runOnlyForDeploymentPostprocessing = 0;
		};
		9263FCD51DC6748F00AC8591 /* Sources */ = {
			isa = PBXSourcesBuildPhase;
			buildActionMask = 2147483647;
			files = (
				9263FCDE1DC6748F00AC8591 /* UIScrollViewAutolayoutUITests.swift in Sources */,
			);
			runOnlyForDeploymentPostprocessing = 0;
		};
/* End PBXSourcesBuildPhase section */

/* Begin PBXTargetDependency section */
		9263FCD01DC6748F00AC8591 /* PBXTargetDependency */ = {
			isa = PBXTargetDependency;
			target = 9263FCB91DC6748F00AC8591 /* UIScrollViewAutolayout */;
			targetProxy = 9263FCCF1DC6748F00AC8591 /* PBXContainerItemProxy */;
		};
		9263FCDB1DC6748F00AC8591 /* PBXTargetDependency */ = {
			isa = PBXTargetDependency;
			target = 9263FCB91DC6748F00AC8591 /* UIScrollViewAutolayout */;
			targetProxy = 9263FCDA1DC6748F00AC8591 /* PBXContainerItemProxy */;
		};
/* End PBXTargetDependency section */

/* Begin PBXVariantGroup section */
		9263FCC11DC6748F00AC8591 /* Main.storyboard */ = {
			isa = PBXVariantGroup;
			children = (
				9263FCC21DC6748F00AC8591 /* Base */,
			);
			name = Main.storyboard;
			sourceTree = "<group>";
		};
		9263FCC61DC6748F00AC8591 /* LaunchScreen.storyboard */ = {
			isa = PBXVariantGroup;
			children = (
				9263FCC71DC6748F00AC8591 /* Base */,
			);
			name = LaunchScreen.storyboard;
			sourceTree = "<group>";
		};
/* End PBXVariantGroup section */

/* Begin XCBuildConfiguration section */
		9263FCE01DC6749000AC8591 /* Debug */ = {
			isa = XCBuildConfiguration;
			buildSettings = {
				ALWAYS_SEARCH_USER_PATHS = NO;
				CLANG_ANALYZER_NONNULL = YES;
				CLANG_CXX_LANGUAGE_STANDARD = "gnu++0x";
				CLANG_CXX_LIBRARY = "libc++";
				CLANG_ENABLE_MODULES = YES;
				CLANG_ENABLE_OBJC_ARC = YES;
				CLANG_WARN_BOOL_CONVERSION = YES;
				CLANG_WARN_CONSTANT_CONVERSION = YES;
				CLANG_WARN_DIRECT_OBJC_ISA_USAGE = YES_ERROR;
				CLANG_WARN_DOCUMENTATION_COMMENTS = YES;
				CLANG_WARN_EMPTY_BODY = YES;
				CLANG_WARN_ENUM_CONVERSION = YES;
				CLANG_WARN_INFINITE_RECURSION = YES;
				CLANG_WARN_INT_CONVERSION = YES;
				CLANG_WARN_OBJC_ROOT_CLASS = YES_ERROR;
				CLANG_WARN_SUSPICIOUS_MOVES = YES;
				CLANG_WARN_UNREACHABLE_CODE = YES;
				CLANG_WARN__DUPLICATE_METHOD_MATCH = YES;
				"CODE_SIGN_IDENTITY[sdk=iphoneos*]" = "iPhone Developer";
				COPY_PHASE_STRIP = NO;
				DEBUG_INFORMATION_FORMAT = dwarf;
				ENABLE_STRICT_OBJC_MSGSEND = YES;
				ENABLE_TESTABILITY = YES;
				GCC_C_LANGUAGE_STANDARD = gnu99;
				GCC_DYNAMIC_NO_PIC = NO;
				GCC_NO_COMMON_BLOCKS = YES;
				GCC_OPTIMIZATION_LEVEL = 0;
				GCC_PREPROCESSOR_DEFINITIONS = (
					"DEBUG=1",
					"$(inherited)",
				);
				GCC_WARN_64_TO_32_BIT_CONVERSION = YES;
				GCC_WARN_ABOUT_RETURN_TYPE = YES_ERROR;
				GCC_WARN_UNDECLARED_SELECTOR = YES;
				GCC_WARN_UNINITIALIZED_AUTOS = YES_AGGRESSIVE;
				GCC_WARN_UNUSED_FUNCTION = YES;
				GCC_WARN_UNUSED_VARIABLE = YES;
				IPHONEOS_DEPLOYMENT_TARGET = 10.1;
				MTL_ENABLE_DEBUG_INFO = YES;
				ONLY_ACTIVE_ARCH = YES;
				SDKROOT = iphoneos;
				SWIFT_ACTIVE_COMPILATION_CONDITIONS = DEBUG;
				SWIFT_OPTIMIZATION_LEVEL = "-Onone";
				TARGETED_DEVICE_FAMILY = "1,2";
			};
			name = Debug;
		};
		9263FCE11DC6749000AC8591 /* Release */ = {
			isa = XCBuildConfiguration;
			buildSettings = {
				ALWAYS_SEARCH_USER_PATHS = NO;
				CLANG_ANALYZER_NONNULL = YES;
				CLANG_CXX_LANGUAGE_STANDARD = "gnu++0x";
				CLANG_CXX_LIBRARY = "libc++";
				CLANG_ENABLE_MODULES = YES;
				CLANG_ENABLE_OBJC_ARC = YES;
				CLANG_WARN_BOOL_CONVERSION = YES;
				CLANG_WARN_CONSTANT_CONVERSION = YES;
				CLANG_WARN_DIRECT_OBJC_ISA_USAGE = YES_ERROR;
				CLANG_WARN_DOCUMENTATION_COMMENTS = YES;
				CLANG_WARN_EMPTY_BODY = YES;
				CLANG_WARN_ENUM_CONVERSION = YES;
				CLANG_WARN_INFINITE_RECURSION = YES;
				CLANG_WARN_INT_CONVERSION = YES;
				CLANG_WARN_OBJC_ROOT_CLASS = YES_ERROR;
				CLANG_WARN_SUSPICIOUS_MOVES = YES;
				CLANG_WARN_UNREACHABLE_CODE = YES;
				CLANG_WARN__DUPLICATE_METHOD_MATCH = YES;
				"CODE_SIGN_IDENTITY[sdk=iphoneos*]" = "iPhone Developer";
				COPY_PHASE_STRIP = NO;
				DEBUG_INFORMATION_FORMAT = "dwarf-with-dsym";
				ENABLE_NS_ASSERTIONS = NO;
				ENABLE_STRICT_OBJC_MSGSEND = YES;
				GCC_C_LANGUAGE_STANDARD = gnu99;
				GCC_NO_COMMON_BLOCKS = YES;
				GCC_WARN_64_TO_32_BIT_CONVERSION = YES;
				GCC_WARN_ABOUT_RETURN_TYPE = YES_ERROR;
				GCC_WARN_UNDECLARED_SELECTOR = YES;
				GCC_WARN_UNINITIALIZED_AUTOS = YES_AGGRESSIVE;
				GCC_WARN_UNUSED_FUNCTION = YES;
				GCC_WARN_UNUSED_VARIABLE = YES;
				IPHONEOS_DEPLOYMENT_TARGET = 10.1;
				MTL_ENABLE_DEBUG_INFO = NO;
				SDKROOT = iphoneos;
				SWIFT_OPTIMIZATION_LEVEL = "-Owholemodule";
				TARGETED_DEVICE_FAMILY = "1,2";
				VALIDATE_PRODUCT = YES;
			};
			name = Release;
		};
		9263FCE31DC6749000AC8591 /* Debug */ = {
			isa = XCBuildConfiguration;
			buildSettings = {
				ASSETCATALOG_COMPILER_APPICON_NAME = AppIcon;
				INFOPLIST_FILE = UIScrollViewAutolayout/Info.plist;
				LD_RUNPATH_SEARCH_PATHS = "$(inherited) @executable_path/Frameworks";
				PRODUCT_BUNDLE_IDENTIFIER = com.fantageek.UIScrollViewAutolayout;
				PRODUCT_NAME = "$(TARGET_NAME)";
				SWIFT_VERSION = 3.0;
			};
			name = Debug;
		};
		9263FCE41DC6749000AC8591 /* Release */ = {
			isa = XCBuildConfiguration;
			buildSettings = {
				ASSETCATALOG_COMPILER_APPICON_NAME = AppIcon;
				INFOPLIST_FILE = UIScrollViewAutolayout/Info.plist;
				LD_RUNPATH_SEARCH_PATHS = "$(inherited) @executable_path/Frameworks";
				PRODUCT_BUNDLE_IDENTIFIER = com.fantageek.UIScrollViewAutolayout;
				PRODUCT_NAME = "$(TARGET_NAME)";
				SWIFT_VERSION = 3.0;
			};
			name = Release;
		};
		9263FCE61DC6749000AC8591 /* Debug */ = {
			isa = XCBuildConfiguration;
			buildSettings = {
				ALWAYS_EMBED_SWIFT_STANDARD_LIBRARIES = YES;
				BUNDLE_LOADER = "$(TEST_HOST)";
				INFOPLIST_FILE = UIScrollViewAutolayoutTests/Info.plist;
				LD_RUNPATH_SEARCH_PATHS = "$(inherited) @executable_path/Frameworks @loader_path/Frameworks";
				PRODUCT_BUNDLE_IDENTIFIER = com.fantageek.UIScrollViewAutolayoutTests;
				PRODUCT_NAME = "$(TARGET_NAME)";
				SWIFT_VERSION = 3.0;
				TEST_HOST = "$(BUILT_PRODUCTS_DIR)/UIScrollViewAutolayout.app/UIScrollViewAutolayout";
			};
			name = Debug;
		};
		9263FCE71DC6749000AC8591 /* Release */ = {
			isa = XCBuildConfiguration;
			buildSettings = {
				ALWAYS_EMBED_SWIFT_STANDARD_LIBRARIES = YES;
				BUNDLE_LOADER = "$(TEST_HOST)";
				INFOPLIST_FILE = UIScrollViewAutolayoutTests/Info.plist;
				LD_RUNPATH_SEARCH_PATHS = "$(inherited) @executable_path/Frameworks @loader_path/Frameworks";
				PRODUCT_BUNDLE_IDENTIFIER = com.fantageek.UIScrollViewAutolayoutTests;
				PRODUCT_NAME = "$(TARGET_NAME)";
				SWIFT_VERSION = 3.0;
				TEST_HOST = "$(BUILT_PRODUCTS_DIR)/UIScrollViewAutolayout.app/UIScrollViewAutolayout";
			};
			name = Release;
		};
		9263FCE91DC6749000AC8591 /* Debug */ = {
			isa = XCBuildConfiguration;
			buildSettings = {
				ALWAYS_EMBED_SWIFT_STANDARD_LIBRARIES = YES;
				INFOPLIST_FILE = UIScrollViewAutolayoutUITests/Info.plist;
				LD_RUNPATH_SEARCH_PATHS = "$(inherited) @executable_path/Frameworks @loader_path/Frameworks";
				PRODUCT_BUNDLE_IDENTIFIER = com.fantageek.UIScrollViewAutolayoutUITests;
				PRODUCT_NAME = "$(TARGET_NAME)";
				SWIFT_VERSION = 3.0;
				TEST_TARGET_NAME = UIScrollViewAutolayout;
			};
			name = Debug;
		};
		9263FCEA1DC6749000AC8591 /* Release */ = {
			isa = XCBuildConfiguration;
			buildSettings = {
				ALWAYS_EMBED_SWIFT_STANDARD_LIBRARIES = YES;
				INFOPLIST_FILE = UIScrollViewAutolayoutUITests/Info.plist;
				LD_RUNPATH_SEARCH_PATHS = "$(inherited) @executable_path/Frameworks @loader_path/Frameworks";
				PRODUCT_BUNDLE_IDENTIFIER = com.fantageek.UIScrollViewAutolayoutUITests;
				PRODUCT_NAME = "$(TARGET_NAME)";
				SWIFT_VERSION = 3.0;
				TEST_TARGET_NAME = UIScrollViewAutolayout;
			};
			name = Release;
		};
/* End XCBuildConfiguration section */

/* Begin XCConfigurationList section */
		9263FCB51DC6748F00AC8591 /* Build configuration list for PBXProject "UIScrollViewAutolayout" */ = {
			isa = XCConfigurationList;
			buildConfigurations = (
				9263FCE01DC6749000AC8591 /* Debug */,
				9263FCE11DC6749000AC8591 /* Release */,
			);
			defaultConfigurationIsVisible = 0;
			defaultConfigurationName = Release;
		};
		9263FCE21DC6749000AC8591 /* Build configuration list for PBXNativeTarget "UIScrollViewAutolayout" */ = {
			isa = XCConfigurationList;
			buildConfigurations = (
				9263FCE31DC6749000AC8591 /* Debug */,
				9263FCE41DC6749000AC8591 /* Release */,
			);
			defaultConfigurationIsVisible = 0;
		};
		9263FCE51DC6749000AC8591 /* Build configuration list for PBXNativeTarget "UIScrollViewAutolayoutTests" */ = {
			isa = XCConfigurationList;
			buildConfigurations = (
				9263FCE61DC6749000AC8591 /* Debug */,
				9263FCE71DC6749000AC8591 /* Release */,
			);
			defaultConfigurationIsVisible = 0;
		};
		9263FCE81DC6749000AC8591 /* Build configuration list for PBXNativeTarget "UIScrollViewAutolayoutUITests" */ = {
			isa = XCConfigurationList;
			buildConfigurations = (
				9263FCE91DC6749000AC8591 /* Debug */,
				9263FCEA1DC6749000AC8591 /* Release */,
			);
			defaultConfigurationIsVisible = 0;
		};
/* End XCConfigurationList section */
	};
	rootObject = 9263FCB21DC6748F00AC8591 /* Project object */;
}
